// !$*UTF8*$!
{
	archiveVersion = 1;
	classes = {
	};
	objectVersion = 55;
	objects = {

/* Begin PBXBuildFile section */
		F352B01E28B8FD26000B8E74 /* Observable.swift in Sources */ = {isa = PBXBuildFile; fileRef = F352B01D28B8FD26000B8E74 /* Observable.swift */; };
		F352B02028B906C5000B8E74 /* MainViewModel.swift in Sources */ = {isa = PBXBuildFile; fileRef = F352B01F28B906C5000B8E74 /* MainViewModel.swift */; };
		F352B04228BE2D94000B8E74 /* DetailViewModel.swift in Sources */ = {isa = PBXBuildFile; fileRef = F352B04128BE2D94000B8E74 /* DetailViewModel.swift */; };
		F352B04728BE2E60000B8E74 /* WeatherCellViewModel.swift in Sources */ = {isa = PBXBuildFile; fileRef = F352B04628BE2E60000B8E74 /* WeatherCellViewModel.swift */; };
		F3580E0128AA8CFC006ADBCA /* AppDelegate.swift in Sources */ = {isa = PBXBuildFile; fileRef = F3580E0028AA8CFC006ADBCA /* AppDelegate.swift */; };
		F3580E0328AA8CFC006ADBCA /* SceneDelegate.swift in Sources */ = {isa = PBXBuildFile; fileRef = F3580E0228AA8CFC006ADBCA /* SceneDelegate.swift */; };
		F3580E0528AA8CFC006ADBCA /* DetailViewController.swift in Sources */ = {isa = PBXBuildFile; fileRef = F3580E0428AA8CFC006ADBCA /* DetailViewController.swift */; };
		F3580E0B28AA8CFC006ADBCA /* Weather.xcdatamodeld in Sources */ = {isa = PBXBuildFile; fileRef = F3580E0928AA8CFC006ADBCA /* Weather.xcdatamodeld */; };
		F3580E0D28AA8D00006ADBCA /* Assets.xcassets in Resources */ = {isa = PBXBuildFile; fileRef = F3580E0C28AA8D00006ADBCA /* Assets.xcassets */; };
		F3580E1028AA8D00006ADBCA /* LaunchScreen.storyboard in Resources */ = {isa = PBXBuildFile; fileRef = F3580E0E28AA8D00006ADBCA /* LaunchScreen.storyboard */; };
		F3580E1828AABD70006ADBCA /* Model.swift in Sources */ = {isa = PBXBuildFile; fileRef = F3580E1728AABD70006ADBCA /* Model.swift */; };
		F3580E1C28AAC046006ADBCA /* MainViewController.swift in Sources */ = {isa = PBXBuildFile; fileRef = F3580E1B28AAC046006ADBCA /* MainViewController.swift */; };
		F3580E1E28AACA7B006ADBCA /* WeatherViewCell.swift in Sources */ = {isa = PBXBuildFile; fileRef = F3580E1D28AACA7B006ADBCA /* WeatherViewCell.swift */; };
/* End PBXBuildFile section */

/* Begin PBXFileReference section */
		F352B01D28B8FD26000B8E74 /* Observable.swift */ = {isa = PBXFileReference; lastKnownFileType = sourcecode.swift; path = Observable.swift; sourceTree = "<group>"; };
		F352B01F28B906C5000B8E74 /* MainViewModel.swift */ = {isa = PBXFileReference; lastKnownFileType = sourcecode.swift; path = MainViewModel.swift; sourceTree = "<group>"; };
		F352B04128BE2D94000B8E74 /* DetailViewModel.swift */ = {isa = PBXFileReference; lastKnownFileType = sourcecode.swift; path = DetailViewModel.swift; sourceTree = "<group>"; };
		F352B04628BE2E60000B8E74 /* WeatherCellViewModel.swift */ = {isa = PBXFileReference; lastKnownFileType = sourcecode.swift; path = WeatherCellViewModel.swift; sourceTree = "<group>"; };
		F3580DFD28AA8CFC006ADBCA /* Weather.app */ = {isa = PBXFileReference; explicitFileType = wrapper.application; includeInIndex = 0; path = Weather.app; sourceTree = BUILT_PRODUCTS_DIR; };
		F3580E0028AA8CFC006ADBCA /* AppDelegate.swift */ = {isa = PBXFileReference; lastKnownFileType = sourcecode.swift; path = AppDelegate.swift; sourceTree = "<group>"; };
		F3580E0228AA8CFC006ADBCA /* SceneDelegate.swift */ = {isa = PBXFileReference; lastKnownFileType = sourcecode.swift; path = SceneDelegate.swift; sourceTree = "<group>"; };
		F3580E0428AA8CFC006ADBCA /* DetailViewController.swift */ = {isa = PBXFileReference; lastKnownFileType = sourcecode.swift; path = DetailViewController.swift; sourceTree = "<group>"; };
		F3580E0A28AA8CFC006ADBCA /* Weather.xcdatamodel */ = {isa = PBXFileReference; lastKnownFileType = wrapper.xcdatamodel; path = Weather.xcdatamodel; sourceTree = "<group>"; };
		F3580E0C28AA8D00006ADBCA /* Assets.xcassets */ = {isa = PBXFileReference; lastKnownFileType = folder.assetcatalog; path = Assets.xcassets; sourceTree = "<group>"; };
		F3580E0F28AA8D00006ADBCA /* Base */ = {isa = PBXFileReference; lastKnownFileType = file.storyboard; name = Base; path = Base.lproj/LaunchScreen.storyboard; sourceTree = "<group>"; };
		F3580E1128AA8D00006ADBCA /* Info.plist */ = {isa = PBXFileReference; lastKnownFileType = text.plist.xml; path = Info.plist; sourceTree = "<group>"; };
		F3580E1728AABD70006ADBCA /* Model.swift */ = {isa = PBXFileReference; lastKnownFileType = sourcecode.swift; path = Model.swift; sourceTree = "<group>"; };
		F3580E1B28AAC046006ADBCA /* MainViewController.swift */ = {isa = PBXFileReference; lastKnownFileType = sourcecode.swift; path = MainViewController.swift; sourceTree = "<group>"; };
		F3580E1D28AACA7B006ADBCA /* WeatherViewCell.swift */ = {isa = PBXFileReference; lastKnownFileType = sourcecode.swift; path = WeatherViewCell.swift; sourceTree = "<group>"; };
/* End PBXFileReference section */

/* Begin PBXFrameworksBuildPhase section */
		F3580DFA28AA8CFC006ADBCA /* Frameworks */ = {
			isa = PBXFrameworksBuildPhase;
			buildActionMask = 2147483647;
			files = (
			);
			runOnlyForDeploymentPostprocessing = 0;
		};
/* End PBXFrameworksBuildPhase section */

/* Begin PBXGroup section */
		F352B01828B7E6D4000B8E74 /* Models */ = {
			isa = PBXGroup;
			children = (
				F3580E1728AABD70006ADBCA /* Model.swift */,
			);
			path = Models;
			sourceTree = "<group>";
		};
		F352B01B28B7E768000B8E74 /* Storyboards */ = {
			isa = PBXGroup;
			children = (
				F3580E0E28AA8D00006ADBCA /* LaunchScreen.storyboard */,
			);
			path = Storyboards;
			sourceTree = "<group>";
		};
		F352B01C28B7E788000B8E74 /* Bindings */ = {
			isa = PBXGroup;
			children = (
				F352B01D28B8FD26000B8E74 /* Observable.swift */,
			);
			path = Bindings;
			sourceTree = "<group>";
		};
		F352B04328BE2DC4000B8E74 /* Main */ = {
			isa = PBXGroup;
			children = (
				F352B04528BE2E33000B8E74 /* Cell */,
				F3580E1B28AAC046006ADBCA /* MainViewController.swift */,
				F352B01F28B906C5000B8E74 /* MainViewModel.swift */,
			);
			path = Main;
			sourceTree = "<group>";
		};
		F352B04428BE2E07000B8E74 /* Detail */ = {
			isa = PBXGroup;
			children = (
				F3580E0428AA8CFC006ADBCA /* DetailViewController.swift */,
				F352B04128BE2D94000B8E74 /* DetailViewModel.swift */,
			);
			path = Detail;
			sourceTree = "<group>";
		};
		F352B04528BE2E33000B8E74 /* Cell */ = {
			isa = PBXGroup;
			children = (
				F3580E1D28AACA7B006ADBCA /* WeatherViewCell.swift */,
				F352B04628BE2E60000B8E74 /* WeatherCellViewModel.swift */,
			);
			path = Cell;
			sourceTree = "<group>";
		};
		F3580DF428AA8CFB006ADBCA = {
			isa = PBXGroup;
			children = (
				F3580DFF28AA8CFC006ADBCA /* Weather */,
				F3580DFE28AA8CFC006ADBCA /* Products */,
			);
			sourceTree = "<group>";
		};
		F3580DFE28AA8CFC006ADBCA /* Products */ = {
			isa = PBXGroup;
			children = (
				F3580DFD28AA8CFC006ADBCA /* Weather.app */,
			);
			name = Products;
			sourceTree = "<group>";
		};
		F3580DFF28AA8CFC006ADBCA /* Weather */ = {
			isa = PBXGroup;
			children = (
				F352B04328BE2DC4000B8E74 /* Main */,
				F352B04428BE2E07000B8E74 /* Detail */,
				F352B01B28B7E768000B8E74 /* Storyboards */,
				F352B01C28B7E788000B8E74 /* Bindings */,
				F352B01828B7E6D4000B8E74 /* Models */,
				F3580E0028AA8CFC006ADBCA /* AppDelegate.swift */,
				F3580E0228AA8CFC006ADBCA /* SceneDelegate.swift */,
				F3580E0C28AA8D00006ADBCA /* Assets.xcassets */,
				F3580E1128AA8D00006ADBCA /* Info.plist */,
				F3580E0928AA8CFC006ADBCA /* Weather.xcdatamodeld */,
			);
			path = Weather;
			sourceTree = "<group>";
		};
/* End PBXGroup section */

/* Begin PBXNativeTarget section */
		F3580DFC28AA8CFC006ADBCA /* Weather */ = {
			isa = PBXNativeTarget;
			buildConfigurationList = F3580E1428AA8D00006ADBCA /* Build configuration list for PBXNativeTarget "Weather" */;
			buildPhases = (
				F3580DF928AA8CFC006ADBCA /* Sources */,
				F3580DFA28AA8CFC006ADBCA /* Frameworks */,
				F3580DFB28AA8CFC006ADBCA /* Resources */,
			);
			buildRules = (
			);
			dependencies = (
			);
			name = Weather;
			productName = Weather;
			productReference = F3580DFD28AA8CFC006ADBCA /* Weather.app */;
			productType = "com.apple.product-type.application";
		};
/* End PBXNativeTarget section */

/* Begin PBXProject section */
		F3580DF528AA8CFB006ADBCA /* Project object */ = {
			isa = PBXProject;
			attributes = {
				BuildIndependentTargetsInParallel = 1;
				LastSwiftUpdateCheck = 1340;
				LastUpgradeCheck = 1340;
				TargetAttributes = {
					F3580DFC28AA8CFC006ADBCA = {
						CreatedOnToolsVersion = 13.4.1;
					};
				};
			};
			buildConfigurationList = F3580DF828AA8CFB006ADBCA /* Build configuration list for PBXProject "Weather" */;
			compatibilityVersion = "Xcode 13.0";
			developmentRegion = en;
			hasScannedForEncodings = 0;
			knownRegions = (
				en,
				Base,
			);
			mainGroup = F3580DF428AA8CFB006ADBCA;
			productRefGroup = F3580DFE28AA8CFC006ADBCA /* Products */;
			projectDirPath = "";
			projectRoot = "";
			targets = (
				F3580DFC28AA8CFC006ADBCA /* Weather */,
			);
		};
/* End PBXProject section */

/* Begin PBXResourcesBuildPhase section */
		F3580DFB28AA8CFC006ADBCA /* Resources */ = {
			isa = PBXResourcesBuildPhase;
			buildActionMask = 2147483647;
			files = (
				F3580E1028AA8D00006ADBCA /* LaunchScreen.storyboard in Resources */,
				F3580E0D28AA8D00006ADBCA /* Assets.xcassets in Resources */,
			);
			runOnlyForDeploymentPostprocessing = 0;
		};
/* End PBXResourcesBuildPhase section */

/* Begin PBXSourcesBuildPhase section */
		F3580DF928AA8CFC006ADBCA /* Sources */ = {
			isa = PBXSourcesBuildPhase;
			buildActionMask = 2147483647;
			files = (
				F352B02028B906C5000B8E74 /* MainViewModel.swift in Sources */,
				F3580E1828AABD70006ADBCA /* Model.swift in Sources */,
				F3580E1E28AACA7B006ADBCA /* WeatherViewCell.swift in Sources */,
				F3580E1C28AAC046006ADBCA /* MainViewController.swift in Sources */,
				F352B01E28B8FD26000B8E74 /* Observable.swift in Sources */,
				F3580E0B28AA8CFC006ADBCA /* Weather.xcdatamodeld in Sources */,
				F3580E0528AA8CFC006ADBCA /* DetailViewController.swift in Sources */,
				F3580E0128AA8CFC006ADBCA /* AppDelegate.swift in Sources */,
				F352B04228BE2D94000B8E74 /* DetailViewModel.swift in Sources */,
				F352B04728BE2E60000B8E74 /* WeatherCellViewModel.swift in Sources */,
				F3580E0328AA8CFC006ADBCA /* SceneDelegate.swift in Sources */,
			);
			runOnlyForDeploymentPostprocessing = 0;
		};
/* End PBXSourcesBuildPhase section */

/* Begin PBXVariantGroup section */
		F3580E0E28AA8D00006ADBCA /* LaunchScreen.storyboard */ = {
			isa = PBXVariantGroup;
			children = (
				F3580E0F28AA8D00006ADBCA /* Base */,
			);
			name = LaunchScreen.storyboard;
			sourceTree = "<group>";
		};
/* End PBXVariantGroup section */

/* Begin XCBuildConfiguration section */
		F3580E1228AA8D00006ADBCA /* Debug */ = {
			isa = XCBuildConfiguration;
			buildSettings = {
				ALWAYS_SEARCH_USER_PATHS = NO;
				CLANG_ANALYZER_NONNULL = YES;
				CLANG_ANALYZER_NUMBER_OBJECT_CONVERSION = YES_AGGRESSIVE;
				CLANG_CXX_LANGUAGE_STANDARD = "gnu++17";
				CLANG_ENABLE_MODULES = YES;
				CLANG_ENABLE_OBJC_ARC = YES;
				CLANG_ENABLE_OBJC_WEAK = YES;
				CLANG_WARN_BLOCK_CAPTURE_AUTORELEASING = YES;
				CLANG_WARN_BOOL_CONVERSION = YES;
				CLANG_WARN_COMMA = YES;
				CLANG_WARN_CONSTANT_CONVERSION = YES;
				CLANG_WARN_DEPRECATED_OBJC_IMPLEMENTATIONS = YES;
				CLANG_WARN_DIRECT_OBJC_ISA_USAGE = YES_ERROR;
				CLANG_WARN_DOCUMENTATION_COMMENTS = YES;
				CLANG_WARN_EMPTY_BODY = YES;
				CLANG_WARN_ENUM_CONVERSION = YES;
				CLANG_WARN_INFINITE_RECURSION = YES;
				CLANG_WARN_INT_CONVERSION = YES;
				CLANG_WARN_NON_LITERAL_NULL_CONVERSION = YES;
				CLANG_WARN_OBJC_IMPLICIT_RETAIN_SELF = YES;
				CLANG_WARN_OBJC_LITERAL_CONVERSION = YES;
				CLANG_WARN_OBJC_ROOT_CLASS = YES_ERROR;
				CLANG_WARN_QUOTED_INCLUDE_IN_FRAMEWORK_HEADER = YES;
				CLANG_WARN_RANGE_LOOP_ANALYSIS = YES;
				CLANG_WARN_STRICT_PROTOTYPES = YES;
				CLANG_WARN_SUSPICIOUS_MOVE = YES;
				CLANG_WARN_UNGUARDED_AVAILABILITY = YES_AGGRESSIVE;
				CLANG_WARN_UNREACHABLE_CODE = YES;
				CLANG_WARN__DUPLICATE_METHOD_MATCH = YES;
				COPY_PHASE_STRIP = NO;
				DEBUG_INFORMATION_FORMAT = dwarf;
				ENABLE_STRICT_OBJC_MSGSEND = YES;
				ENABLE_TESTABILITY = YES;
				GCC_C_LANGUAGE_STANDARD = gnu11;
				GCC_DYNAMIC_NO_PIC = NO;
				GCC_NO_COMMON_BLOCKS = YES;
				GCC_OPTIMIZATION_LEVEL = 0;
				GCC_PREPROCESSOR_DEFINITIONS = (
					"DEBUG=1",
					"$(inherited)",
				);
				GCC_WARN_64_TO_32_BIT_CONVERSION = YES;
				GCC_WARN_ABOUT_RETURN_TYPE = YES_ERROR;
				GCC_WARN_UNDECLARED_SELECTOR = YES;
				GCC_WARN_UNINITIALIZED_AUTOS = YES_AGGRESSIVE;
				GCC_WARN_UNUSED_FUNCTION = YES;
				GCC_WARN_UNUSED_VARIABLE = YES;
				IPHONEOS_DEPLOYMENT_TARGET = 15.5;
				MTL_ENABLE_DEBUG_INFO = INCLUDE_SOURCE;
				MTL_FAST_MATH = YES;
				ONLY_ACTIVE_ARCH = YES;
				SDKROOT = iphoneos;
				SWIFT_ACTIVE_COMPILATION_CONDITIONS = DEBUG;
				SWIFT_OPTIMIZATION_LEVEL = "-Onone";
			};
			name = Debug;
		};
		F3580E1328AA8D00006ADBCA /* Release */ = {
			isa = XCBuildConfiguration;
			buildSettings = {
				ALWAYS_SEARCH_USER_PATHS = NO;
				CLANG_ANALYZER_NONNULL = YES;
				CLANG_ANALYZER_NUMBER_OBJECT_CONVERSION = YES_AGGRESSIVE;
				CLANG_CXX_LANGUAGE_STANDARD = "gnu++17";
				CLANG_ENABLE_MODULES = YES;
				CLANG_ENABLE_OBJC_ARC = YES;
				CLANG_ENABLE_OBJC_WEAK = YES;
				CLANG_WARN_BLOCK_CAPTURE_AUTORELEASING = YES;
				CLANG_WARN_BOOL_CONVERSION = YES;
				CLANG_WARN_COMMA = YES;
				CLANG_WARN_CONSTANT_CONVERSION = YES;
				CLANG_WARN_DEPRECATED_OBJC_IMPLEMENTATIONS = YES;
				CLANG_WARN_DIRECT_OBJC_ISA_USAGE = YES_ERROR;
				CLANG_WARN_DOCUMENTATION_COMMENTS = YES;
				CLANG_WARN_EMPTY_BODY = YES;
				CLANG_WARN_ENUM_CONVERSION = YES;
				CLANG_WARN_INFINITE_RECURSION = YES;
				CLANG_WARN_INT_CONVERSION = YES;
				CLANG_WARN_NON_LITERAL_NULL_CONVERSION = YES;
				CLANG_WARN_OBJC_IMPLICIT_RETAIN_SELF = YES;
				CLANG_WARN_OBJC_LITERAL_CONVERSION = YES;
				CLANG_WARN_OBJC_ROOT_CLASS = YES_ERROR;
				CLANG_WARN_QUOTED_INCLUDE_IN_FRAMEWORK_HEADER = YES;
				CLANG_WARN_RANGE_LOOP_ANALYSIS = YES;
				CLANG_WARN_STRICT_PROTOTYPES = YES;
				CLANG_WARN_SUSPICIOUS_MOVE = YES;
				CLANG_WARN_UNGUARDED_AVAILABILITY = YES_AGGRESSIVE;
				CLANG_WARN_UNREACHABLE_CODE = YES;
				CLANG_WARN__DUPLICATE_METHOD_MATCH = YES;
				COPY_PHASE_STRIP = NO;
				DEBUG_INFORMATION_FORMAT = "dwarf-with-dsym";
				ENABLE_NS_ASSERTIONS = NO;
				ENABLE_STRICT_OBJC_MSGSEND = YES;
				GCC_C_LANGUAGE_STANDARD = gnu11;
				GCC_NO_COMMON_BLOCKS = YES;
				GCC_WARN_64_TO_32_BIT_CONVERSION = YES;
				GCC_WARN_ABOUT_RETURN_TYPE = YES_ERROR;
				GCC_WARN_UNDECLARED_SELECTOR = YES;
				GCC_WARN_UNINITIALIZED_AUTOS = YES_AGGRESSIVE;
				GCC_WARN_UNUSED_FUNCTION = YES;
				GCC_WARN_UNUSED_VARIABLE = YES;
				IPHONEOS_DEPLOYMENT_TARGET = 15.5;
				MTL_ENABLE_DEBUG_INFO = NO;
				MTL_FAST_MATH = YES;
				SDKROOT = iphoneos;
				SWIFT_COMPILATION_MODE = wholemodule;
				SWIFT_OPTIMIZATION_LEVEL = "-O";
				VALIDATE_PRODUCT = YES;
			};
			name = Release;
		};
		F3580E1528AA8D00006ADBCA /* Debug */ = {
			isa = XCBuildConfiguration;
			buildSettings = {
				ASSETCATALOG_COMPILER_APPICON_NAME = AppIcon;
				ASSETCATALOG_COMPILER_GLOBAL_ACCENT_COLOR_NAME = AccentColor;
				CODE_SIGN_STYLE = Automatic;
				CURRENT_PROJECT_VERSION = 1;
				DEVELOPMENT_TEAM = 7JHW79QBZS;
				GENERATE_INFOPLIST_FILE = YES;
				INFOPLIST_FILE = Weather/Info.plist;
				INFOPLIST_KEY_CFBundleDisplayName = "";
				INFOPLIST_KEY_LSApplicationCategoryType = "";
				INFOPLIST_KEY_UIApplicationSupportsIndirectInputEvents = YES;
				INFOPLIST_KEY_UILaunchStoryboardName = LaunchScreen;
				INFOPLIST_KEY_UISupportedInterfaceOrientations_iPad = "UIInterfaceOrientationPortrait UIInterfaceOrientationPortraitUpsideDown UIInterfaceOrientationLandscapeLeft UIInterfaceOrientationLandscapeRight";
				INFOPLIST_KEY_UISupportedInterfaceOrientations_iPhone = "UIInterfaceOrientationPortrait UIInterfaceOrientationLandscapeLeft UIInterfaceOrientationLandscapeRight";
				LD_RUNPATH_SEARCH_PATHS = (
					"$(inherited)",
					"@executable_path/Frameworks",
				);
				MARKETING_VERSION = 1.0;
				PRODUCT_BUNDLE_IDENTIFIER = com.vi.Weather;
				PRODUCT_NAME = "$(TARGET_NAME)";
				SWIFT_EMIT_LOC_STRINGS = YES;
				SWIFT_VERSION = 5.0;
				TARGETED_DEVICE_FAMILY = "1,2";
			};
			name = Debug;
		};
		F3580E1628AA8D00006ADBCA /* Release */ = {
			isa = XCBuildConfiguration;
			buildSettings = {
				ASSETCATALOG_COMPILER_APPICON_NAME = AppIcon;
				ASSETCATALOG_COMPILER_GLOBAL_ACCENT_COLOR_NAME = AccentColor;
				CODE_SIGN_STYLE = Automatic;
				CURRENT_PROJECT_VERSION = 1;
				DEVELOPMENT_TEAM = 7JHW79QBZS;
				GENERATE_INFOPLIST_FILE = YES;
				INFOPLIST_FILE = Weather/Info.plist;
				INFOPLIST_KEY_CFBundleDisplayName = "";
				INFOPLIST_KEY_LSApplicationCategoryType = "";
				INFOPLIST_KEY_UIApplicationSupportsIndirectInputEvents = YES;
				INFOPLIST_KEY_UILaunchStoryboardName = LaunchScreen;
				INFOPLIST_KEY_UISupportedInterfaceOrientations_iPad = "UIInterfaceOrientationPortrait UIInterfaceOrientationPortraitUpsideDown UIInterfaceOrientationLandscapeLeft UIInterfaceOrientationLandscapeRight";
				INFOPLIST_KEY_UISupportedInterfaceOrientations_iPhone = "UIInterfaceOrientationPortrait UIInterfaceOrientationLandscapeLeft UIInterfaceOrientationLandscapeRight";
				LD_RUNPATH_SEARCH_PATHS = (
					"$(inherited)",
					"@executable_path/Frameworks",
				);
				MARKETING_VERSION = 1.0;
				PRODUCT_BUNDLE_IDENTIFIER = com.vi.Weather;
				PRODUCT_NAME = "$(TARGET_NAME)";
				SWIFT_EMIT_LOC_STRINGS = YES;
				SWIFT_VERSION = 5.0;
				TARGETED_DEVICE_FAMILY = "1,2";
			};
			name = Release;
		};
/* End XCBuildConfiguration section */

/* Begin XCConfigurationList section */
		F3580DF828AA8CFB006ADBCA /* Build configuration list for PBXProject "Weather" */ = {
			isa = XCConfigurationList;
			buildConfigurations = (
				F3580E1228AA8D00006ADBCA /* Debug */,
				F3580E1328AA8D00006ADBCA /* Release */,
			);
			defaultConfigurationIsVisible = 0;
			defaultConfigurationName = Release;
		};
		F3580E1428AA8D00006ADBCA /* Build configuration list for PBXNativeTarget "Weather" */ = {
			isa = XCConfigurationList;
			buildConfigurations = (
				F3580E1528AA8D00006ADBCA /* Debug */,
				F3580E1628AA8D00006ADBCA /* Release */,
			);
			defaultConfigurationIsVisible = 0;
			defaultConfigurationName = Release;
		};
/* End XCConfigurationList section */

/* Begin XCVersionGroup section */
		F3580E0928AA8CFC006ADBCA /* Weather.xcdatamodeld */ = {
			isa = XCVersionGroup;
			children = (
				F3580E0A28AA8CFC006ADBCA /* Weather.xcdatamodel */,
			);
			currentVersion = F3580E0A28AA8CFC006ADBCA /* Weather.xcdatamodel */;
			path = Weather.xcdatamodeld;
			sourceTree = "<group>";
			versionGroupType = wrapper.xcdatamodel;
		};
/* End XCVersionGroup section */
	};
	rootObject = F3580DF528AA8CFB006ADBCA /* Project object */;
}
